
Microsoft Visual Studio Solution File, Format Version 12.00
# Visual Studio Version 16
VisualStudioVersion = 16.0.31515.178
MinimumVisualStudioVersion = 10.0.40219.1
Project("{FAE04EC0-301F-11D3-BF4B-00C04F79EFBC}") = "Smoothing", "Smoothing\Smoothing.csproj", "{D276777A-D4B1-4438-808B-1B0629A6E211}"
EndProject
Global
	GlobalSection(SolutionConfigurationPlatforms) = preSolution
		Debug|Any CPU = Debug|Any CPU
		Release|Any CPU = Release|Any CPU
	EndGlobalSection
	GlobalSection(ProjectConfigurationPlatforms) = postSolution
		{D276777A-D4B1-4438-808B-1B0629A6E211}.Debug|Any CPU.ActiveCfg = Debug|Any CPU
		{D276777A-D4B1-4438-808B-1B0629A6E211}.Debug|Any CPU.Build.0 = Debug|Any CPU
		{D276777A-D4B1-4438-808B-1B0629A6E211}.Release|Any CPU.ActiveCfg = Release|Any CPU
		{D276777A-D4B1-4438-808B-1B0629A6E211}.Release|Any CPU.Build.0 = Release|Any CPU
	EndGlobalSection
	GlobalSection(SolutionProperties) = preSolution
		HideSolutionNode = FALSE
	EndGlobalSection
	GlobalSection(ExtensibilityGlobals) = postSolution
		SolutionGuid = {BFBD5797-ABDD-46B1-919B-21D3F4C42AAF}
	EndGlobalSection
EndGlobal
